// !$*UTF8*$!
{
	archiveVersion = 1;
	classes = {
	};
	objectVersion = 50;
	objects = {

/* Begin PBXBuildFile section */
		4824760121528AF70039399D /* UX for Book Binder Summary View.png in Resources */ = {isa = PBXBuildFile; fileRef = 4824760021528AF70039399D /* UX for Book Binder Summary View.png */; };
		4829C1EB216D1B3F00D4B94D /* BookBinder_Tests.swift in Sources */ = {isa = PBXBuildFile; fileRef = 4829C1EA216D1B3F00D4B94D /* BookBinder_Tests.swift */; };
		482C15C9217DF6750037216E /* Series.swift in Sources */ = {isa = PBXBuildFile; fileRef = 482C15C8217DF6750037216E /* Series.swift */; };
		482FABD0216CE3D700E64D05 /* BookBinder.swift in Sources */ = {isa = PBXBuildFile; fileRef = 482FABCF216CE3D700E64D05 /* BookBinder.swift */; };
		482FABD1216D19FA00E64D05 /* BookBinder.swift in Sources */ = {isa = PBXBuildFile; fileRef = 482FABCF216CE3D700E64D05 /* BookBinder.swift */; };
		483C61B8214ED8E9008C69D8 /* AppDelegate.swift in Sources */ = {isa = PBXBuildFile; fileRef = 483C61B7214ED8E9008C69D8 /* AppDelegate.swift */; };
		483C61BA214ED8E9008C69D8 /* SummaryViewController.swift in Sources */ = {isa = PBXBuildFile; fileRef = 483C61B9214ED8E9008C69D8 /* SummaryViewController.swift */; };
		483C61BD214ED8E9008C69D8 /* Main.storyboard in Resources */ = {isa = PBXBuildFile; fileRef = 483C61BB214ED8E9008C69D8 /* Main.storyboard */; };
		483C61BF214ED8EB008C69D8 /* Assets.xcassets in Resources */ = {isa = PBXBuildFile; fileRef = 483C61BE214ED8EB008C69D8 /* Assets.xcassets */; };
		483C61C2214ED8EB008C69D8 /* LaunchScreen.storyboard in Resources */ = {isa = PBXBuildFile; fileRef = 483C61C0214ED8EB008C69D8 /* LaunchScreen.storyboard */; };
		484CC0D621567A180012CD42 /* DetailViewController.swift in Sources */ = {isa = PBXBuildFile; fileRef = 484CC0D521567A180012CD42 /* DetailViewController.swift */; };
		484CC0D82156CC310012CD42 /* CollectionViewCell.swift in Sources */ = {isa = PBXBuildFile; fileRef = 484CC0D72156CC310012CD42 /* CollectionViewCell.swift */; };
		484CC0DD2157DD380012CD42 /* Work.swift in Sources */ = {isa = PBXBuildFile; fileRef = 484CC0DC2157DD380012CD42 /* Work.swift */; };
		484CC0E12157DFC00012CD42 /* BookBinderURI.swift in Sources */ = {isa = PBXBuildFile; fileRef = 484CC0E02157DFC00012CD42 /* BookBinderURI.swift */; };
		484CC0F1215850540012CD42 /* Work.swift in Sources */ = {isa = PBXBuildFile; fileRef = 484CC0DC2157DD380012CD42 /* Work.swift */; };
		484CC0F3215850540012CD42 /* BookBinderURI.swift in Sources */ = {isa = PBXBuildFile; fileRef = 484CC0E02157DFC00012CD42 /* BookBinderURI.swift */; };
		484CC0F721585C8C0012CD42 /* BookBinderURI_Tests.swift in Sources */ = {isa = PBXBuildFile; fileRef = 484CC0F621585C8C0012CD42 /* BookBinderURI_Tests.swift */; };
		484CC1072159668F0012CD42 /* BookModel_Tests.swift in Sources */ = {isa = PBXBuildFile; fileRef = 484CC1062159668F0012CD42 /* BookModel_Tests.swift */; };
		4855D952217CCBEF00A16332 /* Trackable.swift in Sources */ = {isa = PBXBuildFile; fileRef = 4855D951217CCBEF00A16332 /* Trackable.swift */; };
		4855D954217CD01200A16332 /* Trackable_Tests.swift in Sources */ = {isa = PBXBuildFile; fileRef = 4855D953217CD01200A16332 /* Trackable_Tests.swift */; };
		4855D955217CD06B00A16332 /* Trackable.swift in Sources */ = {isa = PBXBuildFile; fileRef = 4855D951217CCBEF00A16332 /* Trackable.swift */; };
		48699AEF215AE7710038864A /* CollectionReusableView.swift in Sources */ = {isa = PBXBuildFile; fileRef = 48699AEE215AE7710038864A /* CollectionReusableView.swift */; };
		489B8F1B217C1E630031DCA4 /* book-binder-class-diagram.png in Resources */ = {isa = PBXBuildFile; fileRef = 489B8F1A217C1E630031DCA4 /* book-binder-class-diagram.png */; };
		489C535D2180ED5B006D7415 /* Series.swift in Sources */ = {isa = PBXBuildFile; fileRef = 482C15C8217DF6750037216E /* Series.swift */; };
		489C535F2180ED9C006D7415 /* Series_Tests.swift in Sources */ = {isa = PBXBuildFile; fileRef = 489C535E2180ED9C006D7415 /* Series_Tests.swift */; };
		48CBB67F215D5EDF003D1870 /* books.json in Resources */ = {isa = PBXBuildFile; fileRef = 48CBB67E215D5EDF003D1870 /* books.json */; };
		48ED2CA72166423300945BED /* JsonModel.swift in Sources */ = {isa = PBXBuildFile; fileRef = 48ED2CA62166423300945BED /* JsonModel.swift */; };
		48ED2CA92166BFA400945BED /* Comicbook.swift in Sources */ = {isa = PBXBuildFile; fileRef = 48ED2CA82166BFA400945BED /* Comicbook.swift */; };
		48ED2CAB2166C43400945BED /* JsonModel_Tests.swift in Sources */ = {isa = PBXBuildFile; fileRef = 48ED2CAA2166C43400945BED /* JsonModel_Tests.swift */; };
		48ED2CAC2166C45600945BED /* JsonModel.swift in Sources */ = {isa = PBXBuildFile; fileRef = 48ED2CA62166423300945BED /* JsonModel.swift */; };
		48ED2CAD2166C5DF00945BED /* Comicbook.swift in Sources */ = {isa = PBXBuildFile; fileRef = 48ED2CA82166BFA400945BED /* Comicbook.swift */; };
		48ED2CAF2167D47C00945BED /* Comicbook_Tests.swift in Sources */ = {isa = PBXBuildFile; fileRef = 48ED2CAE2167D47C00945BED /* Comicbook_Tests.swift */; };
		48ED2CB02167DC3900945BED /* books.json in Resources */ = {isa = PBXBuildFile; fileRef = 48CBB67E215D5EDF003D1870 /* books.json */; };
		48FBD3052151405000D2A14B /* LICENSE in Resources */ = {isa = PBXBuildFile; fileRef = 48FBD3032151405000D2A14B /* LICENSE */; };
		48FBD3062151405000D2A14B /* README.md in Resources */ = {isa = PBXBuildFile; fileRef = 48FBD3042151405000D2A14B /* README.md */; };
/* End PBXBuildFile section */

/* Begin PBXContainerItemProxy section */
		484CC0EC215850350012CD42 /* PBXContainerItemProxy */ = {
			isa = PBXContainerItemProxy;
			containerPortal = 483C61AC214ED8E9008C69D8 /* Project object */;
			proxyType = 1;
			remoteGlobalIDString = 483C61B3214ED8E9008C69D8;
			remoteInfo = "Book Binder";
		};
/* End PBXContainerItemProxy section */

/* Begin PBXFileReference section */
		482093A22159BACB00A0C00D /* SeriesModel_Tests.swift */ = {isa = PBXFileReference; lastKnownFileType = sourcecode.swift; path = SeriesModel_Tests.swift; sourceTree = "<group>"; };
		4824760021528AF70039399D /* UX for Book Binder Summary View.png */ = {isa = PBXFileReference; lastKnownFileType = image.png; path = "UX for Book Binder Summary View.png"; sourceTree = "<group>"; };
		4829C1EA216D1B3F00D4B94D /* BookBinder_Tests.swift */ = {isa = PBXFileReference; lastKnownFileType = sourcecode.swift; path = BookBinder_Tests.swift; sourceTree = "<group>"; };
		482C15C8217DF6750037216E /* Series.swift */ = {isa = PBXFileReference; lastKnownFileType = sourcecode.swift; path = Series.swift; sourceTree = "<group>"; };
		482FABCF216CE3D700E64D05 /* BookBinder.swift */ = {isa = PBXFileReference; lastKnownFileType = sourcecode.swift; path = BookBinder.swift; sourceTree = "<group>"; };
		483C61B4214ED8E9008C69D8 /* Book Binder.app */ = {isa = PBXFileReference; explicitFileType = wrapper.application; includeInIndex = 0; path = "Book Binder.app"; sourceTree = BUILT_PRODUCTS_DIR; };
		483C61B7214ED8E9008C69D8 /* AppDelegate.swift */ = {isa = PBXFileReference; lastKnownFileType = sourcecode.swift; path = AppDelegate.swift; sourceTree = "<group>"; };
		483C61B9214ED8E9008C69D8 /* SummaryViewController.swift */ = {isa = PBXFileReference; lastKnownFileType = sourcecode.swift; path = SummaryViewController.swift; sourceTree = "<group>"; };
		483C61BC214ED8E9008C69D8 /* Base */ = {isa = PBXFileReference; lastKnownFileType = file.storyboard; name = Base; path = Base.lproj/Main.storyboard; sourceTree = "<group>"; };
		483C61BE214ED8EB008C69D8 /* Assets.xcassets */ = {isa = PBXFileReference; lastKnownFileType = folder.assetcatalog; path = Assets.xcassets; sourceTree = "<group>"; };
		483C61C1214ED8EB008C69D8 /* Base */ = {isa = PBXFileReference; lastKnownFileType = file.storyboard; name = Base; path = Base.lproj/LaunchScreen.storyboard; sourceTree = "<group>"; };
		483C61C3214ED8EB008C69D8 /* Info.plist */ = {isa = PBXFileReference; lastKnownFileType = text.plist.xml; path = Info.plist; sourceTree = "<group>"; };
		484CC0D521567A180012CD42 /* DetailViewController.swift */ = {isa = PBXFileReference; lastKnownFileType = sourcecode.swift; path = DetailViewController.swift; sourceTree = "<group>"; };
		484CC0D72156CC310012CD42 /* CollectionViewCell.swift */ = {isa = PBXFileReference; lastKnownFileType = sourcecode.swift; path = CollectionViewCell.swift; sourceTree = "<group>"; };
		484CC0DC2157DD380012CD42 /* Work.swift */ = {isa = PBXFileReference; lastKnownFileType = sourcecode.swift; path = Work.swift; sourceTree = "<group>"; };
		484CC0DE2157DD890012CD42 /* SeriesModel.swift */ = {isa = PBXFileReference; lastKnownFileType = sourcecode.swift; path = SeriesModel.swift; sourceTree = "<group>"; };
		484CC0E02157DFC00012CD42 /* BookBinderURI.swift */ = {isa = PBXFileReference; lastKnownFileType = sourcecode.swift; path = BookBinderURI.swift; sourceTree = "<group>"; };
		484CC0E22157F3540012CD42 /* TODO.md */ = {isa = PBXFileReference; lastKnownFileType = net.daringfireball.markdown; path = TODO.md; sourceTree = "<group>"; };
		484CC0E7215850350012CD42 /* Book Binder Model Tests.xctest */ = {isa = PBXFileReference; explicitFileType = wrapper.cfbundle; includeInIndex = 0; path = "Book Binder Model Tests.xctest"; sourceTree = BUILT_PRODUCTS_DIR; };
		484CC0EB215850350012CD42 /* Info.plist */ = {isa = PBXFileReference; lastKnownFileType = text.plist.xml; path = Info.plist; sourceTree = "<group>"; };
		484CC0F621585C8C0012CD42 /* BookBinderURI_Tests.swift */ = {isa = PBXFileReference; fileEncoding = 4; lastKnownFileType = sourcecode.swift; path = BookBinderURI_Tests.swift; sourceTree = "<group>"; };
		484CC1062159668F0012CD42 /* BookModel_Tests.swift */ = {isa = PBXFileReference; lastKnownFileType = sourcecode.swift; path = BookModel_Tests.swift; sourceTree = "<group>"; };
		4855D951217CCBEF00A16332 /* Trackable.swift */ = {isa = PBXFileReference; fileEncoding = 4; lastKnownFileType = sourcecode.swift; path = Trackable.swift; sourceTree = "<group>"; };
		4855D953217CD01200A16332 /* Trackable_Tests.swift */ = {isa = PBXFileReference; lastKnownFileType = sourcecode.swift; path = Trackable_Tests.swift; sourceTree = "<group>"; };
		48699AEE215AE7710038864A /* CollectionReusableView.swift */ = {isa = PBXFileReference; lastKnownFileType = sourcecode.swift; path = CollectionReusableView.swift; sourceTree = "<group>"; };
		489B8F19217BE1ED0031DCA4 /* ARCHITECTURE.md */ = {isa = PBXFileReference; lastKnownFileType = net.daringfireball.markdown; path = ARCHITECTURE.md; sourceTree = "<group>"; };
		489B8F1A217C1E630031DCA4 /* book-binder-class-diagram.png */ = {isa = PBXFileReference; lastKnownFileType = image.png; path = "book-binder-class-diagram.png"; sourceTree = "<group>"; };
		489C535E2180ED9C006D7415 /* Series_Tests.swift */ = {isa = PBXFileReference; lastKnownFileType = sourcecode.swift; path = Series_Tests.swift; sourceTree = "<group>"; };
		48CBB67E215D5EDF003D1870 /* books.json */ = {isa = PBXFileReference; lastKnownFileType = text.json; path = books.json; sourceTree = "<group>"; };
		48ED2CA62166423300945BED /* JsonModel.swift */ = {isa = PBXFileReference; lastKnownFileType = sourcecode.swift; path = JsonModel.swift; sourceTree = "<group>"; };
		48ED2CA82166BFA400945BED /* Comicbook.swift */ = {isa = PBXFileReference; lastKnownFileType = sourcecode.swift; path = Comicbook.swift; sourceTree = "<group>"; };
		48ED2CAA2166C43400945BED /* JsonModel_Tests.swift */ = {isa = PBXFileReference; lastKnownFileType = sourcecode.swift; path = JsonModel_Tests.swift; sourceTree = "<group>"; };
		48ED2CAE2167D47C00945BED /* Comicbook_Tests.swift */ = {isa = PBXFileReference; lastKnownFileType = sourcecode.swift; path = Comicbook_Tests.swift; sourceTree = "<group>"; };
		48FBD3032151405000D2A14B /* LICENSE */ = {isa = PBXFileReference; fileEncoding = 4; lastKnownFileType = text; path = LICENSE; sourceTree = SOURCE_ROOT; };
		48FBD3042151405000D2A14B /* README.md */ = {isa = PBXFileReference; fileEncoding = 4; lastKnownFileType = net.daringfireball.markdown; path = README.md; sourceTree = SOURCE_ROOT; };
		48FBD3072151409400D2A14B /* FEATURES.md */ = {isa = PBXFileReference; lastKnownFileType = net.daringfireball.markdown; path = FEATURES.md; sourceTree = "<group>"; };
/* End PBXFileReference section */

/* Begin PBXFrameworksBuildPhase section */
		483C61B1214ED8E9008C69D8 /* Frameworks */ = {
			isa = PBXFrameworksBuildPhase;
			buildActionMask = 2147483647;
			files = (
			);
			runOnlyForDeploymentPostprocessing = 0;
		};
		484CC0E4215850350012CD42 /* Frameworks */ = {
			isa = PBXFrameworksBuildPhase;
			buildActionMask = 2147483647;
			files = (
			);
			runOnlyForDeploymentPostprocessing = 0;
		};
/* End PBXFrameworksBuildPhase section */

/* Begin PBXGroup section */
		482475FF21528A930039399D /* UX Designs */ = {
			isa = PBXGroup;
			children = (
				4824760021528AF70039399D /* UX for Book Binder Summary View.png */,
			);
			path = "UX Designs";
			sourceTree = "<group>";
		};
		483C61AB214ED8E9008C69D8 = {
			isa = PBXGroup;
			children = (
				489B8F1A217C1E630031DCA4 /* book-binder-class-diagram.png */,
				489B8F19217BE1ED0031DCA4 /* ARCHITECTURE.md */,
				484CC0E22157F3540012CD42 /* TODO.md */,
				48FBD3042151405000D2A14B /* README.md */,
				48FBD3072151409400D2A14B /* FEATURES.md */,
				48FBD3032151405000D2A14B /* LICENSE */,
				482475FF21528A930039399D /* UX Designs */,
				483C61B6214ED8E9008C69D8 /* Book Binder */,
				484CC0E8215850350012CD42 /* Book Binder Model Tests */,
				483C61B5214ED8E9008C69D8 /* Products */,
			);
			sourceTree = "<group>";
		};
		483C61B5214ED8E9008C69D8 /* Products */ = {
			isa = PBXGroup;
			children = (
				483C61B4214ED8E9008C69D8 /* Book Binder.app */,
				484CC0E7215850350012CD42 /* Book Binder Model Tests.xctest */,
			);
			name = Products;
			sourceTree = "<group>";
		};
		483C61B6214ED8E9008C69D8 /* Book Binder */ = {
			isa = PBXGroup;
			children = (
				484CC0DB2157DCF20012CD42 /* Controller */,
				484CC0DA2157DCE00012CD42 /* Views */,
				484CC0D92157DCC40012CD42 /* Models */,
				483C61B7214ED8E9008C69D8 /* AppDelegate.swift */,
				483C61BB214ED8E9008C69D8 /* Main.storyboard */,
				483C61BE214ED8EB008C69D8 /* Assets.xcassets */,
				483C61C0214ED8EB008C69D8 /* LaunchScreen.storyboard */,
				483C61C3214ED8EB008C69D8 /* Info.plist */,
			);
			path = "Book Binder";
			sourceTree = "<group>";
		};
		484CC0D92157DCC40012CD42 /* Models */ = {
			isa = PBXGroup;
			children = (
				48BC6B402183C3610004D2A2 /* deprecated */,
				4855D951217CCBEF00A16332 /* Trackable.swift */,
				482C15C8217DF6750037216E /* Series.swift */,
				484CC0DC2157DD380012CD42 /* Work.swift */,
				48ED2CA62166423300945BED /* JsonModel.swift */,
				484CC0E02157DFC00012CD42 /* BookBinderURI.swift */,
				48CBB67E215D5EDF003D1870 /* books.json */,
				48ED2CA82166BFA400945BED /* Comicbook.swift */,
				482FABCF216CE3D700E64D05 /* BookBinder.swift */,
			);
			path = Models;
			sourceTree = "<group>";
		};
		484CC0DA2157DCE00012CD42 /* Views */ = {
			isa = PBXGroup;
			children = (
				484CC0D72156CC310012CD42 /* CollectionViewCell.swift */,
				48699AEE215AE7710038864A /* CollectionReusableView.swift */,
			);
			path = Views;
			sourceTree = "<group>";
		};
		484CC0DB2157DCF20012CD42 /* Controller */ = {
			isa = PBXGroup;
			children = (
				483C61B9214ED8E9008C69D8 /* SummaryViewController.swift */,
				484CC0D521567A180012CD42 /* DetailViewController.swift */,
			);
			path = Controller;
			sourceTree = "<group>";
		};
		484CC0E8215850350012CD42 /* Book Binder Model Tests */ = {
			isa = PBXGroup;
			children = (
				48BC6B412183C3810004D2A2 /* Deprecated */,
				489C535E2180ED9C006D7415 /* Series_Tests.swift */,
				4855D953217CD01200A16332 /* Trackable_Tests.swift */,
				4829C1EA216D1B3F00D4B94D /* BookBinder_Tests.swift */,
				48ED2CAE2167D47C00945BED /* Comicbook_Tests.swift */,
				48ED2CAA2166C43400945BED /* JsonModel_Tests.swift */,
				484CC1062159668F0012CD42 /* BookModel_Tests.swift */,
				484CC0F621585C8C0012CD42 /* BookBinderURI_Tests.swift */,
				484CC0EB215850350012CD42 /* Info.plist */,
			);
			path = "Book Binder Model Tests";
			sourceTree = "<group>";
		};
		48BC6B402183C3610004D2A2 /* deprecated */ = {
			isa = PBXGroup;
			children = (
				484CC0DE2157DD890012CD42 /* SeriesModel.swift */,
			);
			path = deprecated;
			sourceTree = "<group>";
		};
		48BC6B412183C3810004D2A2 /* Deprecated */ = {
			isa = PBXGroup;
			children = (
				482093A22159BACB00A0C00D /* SeriesModel_Tests.swift */,
			);
			path = Deprecated;
			sourceTree = "<group>";
		};
/* End PBXGroup section */

/* Begin PBXNativeTarget section */
		483C61B3214ED8E9008C69D8 /* Book Binder */ = {
			isa = PBXNativeTarget;
			buildConfigurationList = 483C61C6214ED8EB008C69D8 /* Build configuration list for PBXNativeTarget "Book Binder" */;
			buildPhases = (
				483C61B0214ED8E9008C69D8 /* Sources */,
				483C61B1214ED8E9008C69D8 /* Frameworks */,
				483C61B2214ED8E9008C69D8 /* Resources */,
			);
			buildRules = (
			);
			dependencies = (
			);
			name = "Book Binder";
			productName = "Book Binder";
			productReference = 483C61B4214ED8E9008C69D8 /* Book Binder.app */;
			productType = "com.apple.product-type.application";
		};
		484CC0E6215850350012CD42 /* Book Binder Model Tests */ = {
			isa = PBXNativeTarget;
			buildConfigurationList = 484CC0EE215850350012CD42 /* Build configuration list for PBXNativeTarget "Book Binder Model Tests" */;
			buildPhases = (
				484CC0E3215850350012CD42 /* Sources */,
				484CC0E4215850350012CD42 /* Frameworks */,
				484CC0E5215850350012CD42 /* Resources */,
			);
			buildRules = (
			);
			dependencies = (
				484CC0ED215850350012CD42 /* PBXTargetDependency */,
			);
			name = "Book Binder Model Tests";
			productName = "Book Binder Model Tests";
			productReference = 484CC0E7215850350012CD42 /* Book Binder Model Tests.xctest */;
			productType = "com.apple.product-type.bundle.unit-test";
		};
/* End PBXNativeTarget section */

/* Begin PBXProject section */
		483C61AC214ED8E9008C69D8 /* Project object */ = {
			isa = PBXProject;
			attributes = {
				LastSwiftUpdateCheck = 1000;
				LastUpgradeCheck = 1000;
				ORGANIZATIONNAME = "John Pavley";
				TargetAttributes = {
					483C61B3214ED8E9008C69D8 = {
						CreatedOnToolsVersion = 10.0;
					};
					484CC0E6215850350012CD42 = {
						CreatedOnToolsVersion = 10.0;
						TestTargetID = 483C61B3214ED8E9008C69D8;
					};
				};
			};
			buildConfigurationList = 483C61AF214ED8E9008C69D8 /* Build configuration list for PBXProject "Book Binder" */;
			compatibilityVersion = "Xcode 9.3";
			developmentRegion = en;
			hasScannedForEncodings = 0;
			knownRegions = (
				en,
				Base,
			);
			mainGroup = 483C61AB214ED8E9008C69D8;
			productRefGroup = 483C61B5214ED8E9008C69D8 /* Products */;
			projectDirPath = "";
			projectRoot = "";
			targets = (
				483C61B3214ED8E9008C69D8 /* Book Binder */,
				484CC0E6215850350012CD42 /* Book Binder Model Tests */,
			);
		};
/* End PBXProject section */

/* Begin PBXResourcesBuildPhase section */
		483C61B2214ED8E9008C69D8 /* Resources */ = {
			isa = PBXResourcesBuildPhase;
			buildActionMask = 2147483647;
			files = (
				48CBB67F215D5EDF003D1870 /* books.json in Resources */,
				489B8F1B217C1E630031DCA4 /* book-binder-class-diagram.png in Resources */,
				483C61C2214ED8EB008C69D8 /* LaunchScreen.storyboard in Resources */,
				483C61BF214ED8EB008C69D8 /* Assets.xcassets in Resources */,
				48FBD3062151405000D2A14B /* README.md in Resources */,
				48FBD3052151405000D2A14B /* LICENSE in Resources */,
				4824760121528AF70039399D /* UX for Book Binder Summary View.png in Resources */,
				483C61BD214ED8E9008C69D8 /* Main.storyboard in Resources */,
			);
			runOnlyForDeploymentPostprocessing = 0;
		};
		484CC0E5215850350012CD42 /* Resources */ = {
			isa = PBXResourcesBuildPhase;
			buildActionMask = 2147483647;
			files = (
				48ED2CB02167DC3900945BED /* books.json in Resources */,
			);
			runOnlyForDeploymentPostprocessing = 0;
		};
/* End PBXResourcesBuildPhase section */

/* Begin PBXSourcesBuildPhase section */
		483C61B0214ED8E9008C69D8 /* Sources */ = {
			isa = PBXSourcesBuildPhase;
			buildActionMask = 2147483647;
			files = (
				48699AEF215AE7710038864A /* CollectionReusableView.swift in Sources */,
				484CC0DD2157DD380012CD42 /* Work.swift in Sources */,
				48ED2CA72166423300945BED /* JsonModel.swift in Sources */,
				48ED2CA92166BFA400945BED /* Comicbook.swift in Sources */,
				484CC0D621567A180012CD42 /* DetailViewController.swift in Sources */,
				483C61BA214ED8E9008C69D8 /* SummaryViewController.swift in Sources */,
				484CC0D82156CC310012CD42 /* CollectionViewCell.swift in Sources */,
				483C61B8214ED8E9008C69D8 /* AppDelegate.swift in Sources */,
				482FABD0216CE3D700E64D05 /* BookBinder.swift in Sources */,
				482C15C9217DF6750037216E /* Series.swift in Sources */,
				484CC0E12157DFC00012CD42 /* BookBinderURI.swift in Sources */,
				4855D952217CCBEF00A16332 /* Trackable.swift in Sources */,
			);
			runOnlyForDeploymentPostprocessing = 0;
		};
		484CC0E3215850350012CD42 /* Sources */ = {
			isa = PBXSourcesBuildPhase;
			buildActionMask = 2147483647;
			files = (
				4855D955217CD06B00A16332 /* Trackable.swift in Sources */,
				484CC1072159668F0012CD42 /* BookModel_Tests.swift in Sources */,
				48ED2CAB2166C43400945BED /* JsonModel_Tests.swift in Sources */,
				484CC0F721585C8C0012CD42 /* BookBinderURI_Tests.swift in Sources */,
				48ED2CAC2166C45600945BED /* JsonModel.swift in Sources */,
				4829C1EB216D1B3F00D4B94D /* BookBinder_Tests.swift in Sources */,
				48ED2CAD2166C5DF00945BED /* Comicbook.swift in Sources */,
				489C535D2180ED5B006D7415 /* Series.swift in Sources */,
				489C535F2180ED9C006D7415 /* Series_Tests.swift in Sources */,
				484CC0F3215850540012CD42 /* BookBinderURI.swift in Sources */,
				48ED2CAF2167D47C00945BED /* Comicbook_Tests.swift in Sources */,
				482FABD1216D19FA00E64D05 /* BookBinder.swift in Sources */,
				484CC0F1215850540012CD42 /* Work.swift in Sources */,
				4855D954217CD01200A16332 /* Trackable_Tests.swift in Sources */,
			);
			runOnlyForDeploymentPostprocessing = 0;
		};
/* End PBXSourcesBuildPhase section */

/* Begin PBXTargetDependency section */
		484CC0ED215850350012CD42 /* PBXTargetDependency */ = {
			isa = PBXTargetDependency;
			target = 483C61B3214ED8E9008C69D8 /* Book Binder */;
			targetProxy = 484CC0EC215850350012CD42 /* PBXContainerItemProxy */;
		};
/* End PBXTargetDependency section */

/* Begin PBXVariantGroup section */
		483C61BB214ED8E9008C69D8 /* Main.storyboard */ = {
			isa = PBXVariantGroup;
			children = (
				483C61BC214ED8E9008C69D8 /* Base */,
			);
			name = Main.storyboard;
			sourceTree = "<group>";
		};
		483C61C0214ED8EB008C69D8 /* LaunchScreen.storyboard */ = {
			isa = PBXVariantGroup;
			children = (
				483C61C1214ED8EB008C69D8 /* Base */,
			);
			name = LaunchScreen.storyboard;
			sourceTree = "<group>";
		};
/* End PBXVariantGroup section */

/* Begin XCBuildConfiguration section */
		483C61C4214ED8EB008C69D8 /* Debug */ = {
			isa = XCBuildConfiguration;
			buildSettings = {
				ALWAYS_SEARCH_USER_PATHS = NO;
				CLANG_ANALYZER_NONNULL = YES;
				CLANG_ANALYZER_NUMBER_OBJECT_CONVERSION = YES_AGGRESSIVE;
				CLANG_CXX_LANGUAGE_STANDARD = "gnu++14";
				CLANG_CXX_LIBRARY = "libc++";
				CLANG_ENABLE_MODULES = YES;
				CLANG_ENABLE_OBJC_ARC = YES;
				CLANG_ENABLE_OBJC_WEAK = YES;
				CLANG_WARN_BLOCK_CAPTURE_AUTORELEASING = YES;
				CLANG_WARN_BOOL_CONVERSION = YES;
				CLANG_WARN_COMMA = YES;
				CLANG_WARN_CONSTANT_CONVERSION = YES;
				CLANG_WARN_DEPRECATED_OBJC_IMPLEMENTATIONS = YES;
				CLANG_WARN_DIRECT_OBJC_ISA_USAGE = YES_ERROR;
				CLANG_WARN_DOCUMENTATION_COMMENTS = YES;
				CLANG_WARN_EMPTY_BODY = YES;
				CLANG_WARN_ENUM_CONVERSION = YES;
				CLANG_WARN_INFINITE_RECURSION = YES;
				CLANG_WARN_INT_CONVERSION = YES;
				CLANG_WARN_NON_LITERAL_NULL_CONVERSION = YES;
				CLANG_WARN_OBJC_IMPLICIT_RETAIN_SELF = YES;
				CLANG_WARN_OBJC_LITERAL_CONVERSION = YES;
				CLANG_WARN_OBJC_ROOT_CLASS = YES_ERROR;
				CLANG_WARN_RANGE_LOOP_ANALYSIS = YES;
				CLANG_WARN_STRICT_PROTOTYPES = YES;
				CLANG_WARN_SUSPICIOUS_MOVE = YES;
				CLANG_WARN_UNGUARDED_AVAILABILITY = YES_AGGRESSIVE;
				CLANG_WARN_UNREACHABLE_CODE = YES;
				CLANG_WARN__DUPLICATE_METHOD_MATCH = YES;
				CODE_SIGN_IDENTITY = "iPhone Developer";
				COPY_PHASE_STRIP = NO;
				DEBUG_INFORMATION_FORMAT = dwarf;
				ENABLE_STRICT_OBJC_MSGSEND = YES;
				ENABLE_TESTABILITY = YES;
				GCC_C_LANGUAGE_STANDARD = gnu11;
				GCC_DYNAMIC_NO_PIC = NO;
				GCC_NO_COMMON_BLOCKS = YES;
				GCC_OPTIMIZATION_LEVEL = 0;
				GCC_PREPROCESSOR_DEFINITIONS = (
					"DEBUG=1",
					"$(inherited)",
				);
				GCC_WARN_64_TO_32_BIT_CONVERSION = YES;
				GCC_WARN_ABOUT_RETURN_TYPE = YES_ERROR;
				GCC_WARN_UNDECLARED_SELECTOR = YES;
				GCC_WARN_UNINITIALIZED_AUTOS = YES_AGGRESSIVE;
				GCC_WARN_UNUSED_FUNCTION = YES;
				GCC_WARN_UNUSED_VARIABLE = YES;
				IPHONEOS_DEPLOYMENT_TARGET = 12.0;
				MTL_ENABLE_DEBUG_INFO = INCLUDE_SOURCE;
				MTL_FAST_MATH = YES;
				ONLY_ACTIVE_ARCH = YES;
				SDKROOT = iphoneos;
				SWIFT_ACTIVE_COMPILATION_CONDITIONS = DEBUG;
				SWIFT_OPTIMIZATION_LEVEL = "-Onone";
			};
			name = Debug;
		};
		483C61C5214ED8EB008C69D8 /* Release */ = {
			isa = XCBuildConfiguration;
			buildSettings = {
				ALWAYS_SEARCH_USER_PATHS = NO;
				CLANG_ANALYZER_NONNULL = YES;
				CLANG_ANALYZER_NUMBER_OBJECT_CONVERSION = YES_AGGRESSIVE;
				CLANG_CXX_LANGUAGE_STANDARD = "gnu++14";
				CLANG_CXX_LIBRARY = "libc++";
				CLANG_ENABLE_MODULES = YES;
				CLANG_ENABLE_OBJC_ARC = YES;
				CLANG_ENABLE_OBJC_WEAK = YES;
				CLANG_WARN_BLOCK_CAPTURE_AUTORELEASING = YES;
				CLANG_WARN_BOOL_CONVERSION = YES;
				CLANG_WARN_COMMA = YES;
				CLANG_WARN_CONSTANT_CONVERSION = YES;
				CLANG_WARN_DEPRECATED_OBJC_IMPLEMENTATIONS = YES;
				CLANG_WARN_DIRECT_OBJC_ISA_USAGE = YES_ERROR;
				CLANG_WARN_DOCUMENTATION_COMMENTS = YES;
				CLANG_WARN_EMPTY_BODY = YES;
				CLANG_WARN_ENUM_CONVERSION = YES;
				CLANG_WARN_INFINITE_RECURSION = YES;
				CLANG_WARN_INT_CONVERSION = YES;
				CLANG_WARN_NON_LITERAL_NULL_CONVERSION = YES;
				CLANG_WARN_OBJC_IMPLICIT_RETAIN_SELF = YES;
				CLANG_WARN_OBJC_LITERAL_CONVERSION = YES;
				CLANG_WARN_OBJC_ROOT_CLASS = YES_ERROR;
				CLANG_WARN_RANGE_LOOP_ANALYSIS = YES;
				CLANG_WARN_STRICT_PROTOTYPES = YES;
				CLANG_WARN_SUSPICIOUS_MOVE = YES;
				CLANG_WARN_UNGUARDED_AVAILABILITY = YES_AGGRESSIVE;
				CLANG_WARN_UNREACHABLE_CODE = YES;
				CLANG_WARN__DUPLICATE_METHOD_MATCH = YES;
				CODE_SIGN_IDENTITY = "iPhone Developer";
				COPY_PHASE_STRIP = NO;
				DEBUG_INFORMATION_FORMAT = "dwarf-with-dsym";
				ENABLE_NS_ASSERTIONS = NO;
				ENABLE_STRICT_OBJC_MSGSEND = YES;
				GCC_C_LANGUAGE_STANDARD = gnu11;
				GCC_NO_COMMON_BLOCKS = YES;
				GCC_WARN_64_TO_32_BIT_CONVERSION = YES;
				GCC_WARN_ABOUT_RETURN_TYPE = YES_ERROR;
				GCC_WARN_UNDECLARED_SELECTOR = YES;
				GCC_WARN_UNINITIALIZED_AUTOS = YES_AGGRESSIVE;
				GCC_WARN_UNUSED_FUNCTION = YES;
				GCC_WARN_UNUSED_VARIABLE = YES;
				IPHONEOS_DEPLOYMENT_TARGET = 12.0;
				MTL_ENABLE_DEBUG_INFO = NO;
				MTL_FAST_MATH = YES;
				SDKROOT = iphoneos;
				SWIFT_COMPILATION_MODE = wholemodule;
				SWIFT_OPTIMIZATION_LEVEL = "-O";
				VALIDATE_PRODUCT = YES;
			};
			name = Release;
		};
		483C61C7214ED8EB008C69D8 /* Debug */ = {
			isa = XCBuildConfiguration;
			buildSettings = {
				ASSETCATALOG_COMPILER_APPICON_NAME = AppIcon;
				CODE_SIGN_STYLE = Automatic;
				DEVELOPMENT_TEAM = QZ7SMYA7GB;
				INFOPLIST_FILE = "Book Binder/Info.plist";
				LD_RUNPATH_SEARCH_PATHS = (
					"$(inherited)",
					"@executable_path/Frameworks",
				);
				PRODUCT_BUNDLE_IDENTIFIER = "Epic-Loot.Book-Binder";
				PRODUCT_NAME = "$(TARGET_NAME)";
				SWIFT_VERSION = 4.2;
				TARGETED_DEVICE_FAMILY = "1,2";
			};
			name = Debug;
		};
		483C61C8214ED8EB008C69D8 /* Release */ = {
			isa = XCBuildConfiguration;
			buildSettings = {
				ASSETCATALOG_COMPILER_APPICON_NAME = AppIcon;
				CODE_SIGN_STYLE = Automatic;
				DEVELOPMENT_TEAM = QZ7SMYA7GB;
				INFOPLIST_FILE = "Book Binder/Info.plist";
				LD_RUNPATH_SEARCH_PATHS = (
					"$(inherited)",
					"@executable_path/Frameworks",
				);
				PRODUCT_BUNDLE_IDENTIFIER = "Epic-Loot.Book-Binder";
				PRODUCT_NAME = "$(TARGET_NAME)";
				SWIFT_VERSION = 4.2;
				TARGETED_DEVICE_FAMILY = "1,2";
			};
			name = Release;
		};
		484CC0EF215850350012CD42 /* Debug */ = {
			isa = XCBuildConfiguration;
			buildSettings = {
				BUNDLE_LOADER = "$(TEST_HOST)";
				CODE_SIGN_STYLE = Automatic;
				DEVELOPMENT_TEAM = QZ7SMYA7GB;
				INFOPLIST_FILE = "Book Binder Model Tests/Info.plist";
				LD_RUNPATH_SEARCH_PATHS = (
					"$(inherited)",
					"@executable_path/Frameworks",
					"@loader_path/Frameworks",
				);
				PRODUCT_BUNDLE_IDENTIFIER = "Epic-Loot.Book-Binder-Model-Tests";
				PRODUCT_NAME = "$(TARGET_NAME)";
				SWIFT_VERSION = 4.2;
				TARGETED_DEVICE_FAMILY = "1,2";
				TEST_HOST = "$(BUILT_PRODUCTS_DIR)/Book Binder.app/Book Binder";
			};
			name = Debug;
		};
		484CC0F0215850350012CD42 /* Release */ = {
			isa = XCBuildConfiguration;
			buildSettings = {
				BUNDLE_LOADER = "$(TEST_HOST)";
				CODE_SIGN_STYLE = Automatic;
				DEVELOPMENT_TEAM = QZ7SMYA7GB;
				INFOPLIST_FILE = "Book Binder Model Tests/Info.plist";
				LD_RUNPATH_SEARCH_PATHS = (
					"$(inherited)",
					"@executable_path/Frameworks",
					"@loader_path/Frameworks",
				);
				PRODUCT_BUNDLE_IDENTIFIER = "Epic-Loot.Book-Binder-Model-Tests";
				PRODUCT_NAME = "$(TARGET_NAME)";
				SWIFT_VERSION = 4.2;
				TARGETED_DEVICE_FAMILY = "1,2";
				TEST_HOST = "$(BUILT_PRODUCTS_DIR)/Book Binder.app/Book Binder";
			};
			name = Release;
		};
/* End XCBuildConfiguration section */

/* Begin XCConfigurationList section */
		483C61AF214ED8E9008C69D8 /* Build configuration list for PBXProject "Book Binder" */ = {
			isa = XCConfigurationList;
			buildConfigurations = (
				483C61C4214ED8EB008C69D8 /* Debug */,
				483C61C5214ED8EB008C69D8 /* Release */,
			);
			defaultConfigurationIsVisible = 0;
			defaultConfigurationName = Release;
		};
		483C61C6214ED8EB008C69D8 /* Build configuration list for PBXNativeTarget "Book Binder" */ = {
			isa = XCConfigurationList;
			buildConfigurations = (
				483C61C7214ED8EB008C69D8 /* Debug */,
				483C61C8214ED8EB008C69D8 /* Release */,
			);
			defaultConfigurationIsVisible = 0;
			defaultConfigurationName = Release;
		};
		484CC0EE215850350012CD42 /* Build configuration list for PBXNativeTarget "Book Binder Model Tests" */ = {
			isa = XCConfigurationList;
			buildConfigurations = (
				484CC0EF215850350012CD42 /* Debug */,
				484CC0F0215850350012CD42 /* Release */,
			);
			defaultConfigurationIsVisible = 0;
			defaultConfigurationName = Release;
		};
/* End XCConfigurationList section */
	};
	rootObject = 483C61AC214ED8E9008C69D8 /* Project object */;
}
